
Microsoft Visual Studio Solution File, Format Version 12.00
# Visual Studio 15
Project("{FAE04EC0-301F-11D3-BF4B-00C04F79EFBC}") = "Assembly-CSharp", "Assembly-CSharp.csproj", "{7BCD26AE-E55D-0BED-E4A6-4D0584EB17CC}"
EndProject
Project("{FAE04EC0-301F-11D3-BF4B-00C04F79EFBC}") = "SteamVR", "SteamVR.csproj", "{37862AC1-484A-46C3-8D5C-CAF0527E7517}"
EndProject
Project("{FAE04EC0-301F-11D3-BF4B-00C04F79EFBC}") = "SteamVR_Actions", "SteamVR_Actions.csproj", "{B1D4C686-AE41-8FD7-314C-D50081EA8BEE}"
EndProject
Project("{FAE04EC0-301F-11D3-BF4B-00C04F79EFBC}") = "SteamVR_Editor", "SteamVR_Editor.csproj", "{D241373D-8E06-482F-F8AF-5BAD7B5F7AC9}"
EndProject
Project("{FAE04EC0-301F-11D3-BF4B-00C04F79EFBC}") = "Assembly-CSharp-Editor", "Assembly-CSharp-Editor.csproj", "{016447CD-4A4E-A7EC-77F5-3A6F0B23D5DB}"
EndProject
Project("{FAE04EC0-301F-11D3-BF4B-00C04F79EFBC}") = "SteamVR_Input_Editor", "SteamVR_Input_Editor.csproj", "{BF3B058B-0C23-3583-3C05-5527598D94AD}"
EndProject
Project("{FAE04EC0-301F-11D3-BF4B-00C04F79EFBC}") = "SteamVR_Windows_EditorHelper", "SteamVR_Windows_EditorHelper.csproj", "{0287053E-E6F9-EF81-CA6A-6B8F7B0F98DC}"
EndProject
Global
	GlobalSection(SolutionConfigurationPlatforms) = preSolution
		Debug|Any CPU = Debug|Any CPU
		Release|Any CPU = Release|Any CPU
	EndGlobalSection
	GlobalSection(ProjectConfigurationPlatforms) = postSolution
		{7BCD26AE-E55D-0BED-E4A6-4D0584EB17CC}.Debug|Any CPU.ActiveCfg = Debug|Any CPU
		{7BCD26AE-E55D-0BED-E4A6-4D0584EB17CC}.Debug|Any CPU.Build.0 = Debug|Any CPU
		{7BCD26AE-E55D-0BED-E4A6-4D0584EB17CC}.Release|Any CPU.ActiveCfg = Release|Any CPU
		{7BCD26AE-E55D-0BED-E4A6-4D0584EB17CC}.Release|Any CPU.Build.0 = Release|Any CPU
		{37862AC1-484A-46C3-8D5C-CAF0527E7517}.Debug|Any CPU.ActiveCfg = Debug|Any CPU
		{37862AC1-484A-46C3-8D5C-CAF0527E7517}.Debug|Any CPU.Build.0 = Debug|Any CPU
		{37862AC1-484A-46C3-8D5C-CAF0527E7517}.Release|Any CPU.ActiveCfg = Release|Any CPU
		{37862AC1-484A-46C3-8D5C-CAF0527E7517}.Release|Any CPU.Build.0 = Release|Any CPU
		{B1D4C686-AE41-8FD7-314C-D50081EA8BEE}.Debug|Any CPU.ActiveCfg = Debug|Any CPU
		{B1D4C686-AE41-8FD7-314C-D50081EA8BEE}.Debug|Any CPU.Build.0 = Debug|Any CPU
		{B1D4C686-AE41-8FD7-314C-D50081EA8BEE}.Release|Any CPU.ActiveCfg = Release|Any CPU
		{B1D4C686-AE41-8FD7-314C-D50081EA8BEE}.Release|Any CPU.Build.0 = Release|Any CPU
		{D241373D-8E06-482F-F8AF-5BAD7B5F7AC9}.Debug|Any CPU.ActiveCfg = Debug|Any CPU
		{D241373D-8E06-482F-F8AF-5BAD7B5F7AC9}.Debug|Any CPU.Build.0 = Debug|Any CPU
		{D241373D-8E06-482F-F8AF-5BAD7B5F7AC9}.Release|Any CPU.ActiveCfg = Release|Any CPU
		{D241373D-8E06-482F-F8AF-5BAD7B5F7AC9}.Release|Any CPU.Build.0 = Release|Any CPU
		{016447CD-4A4E-A7EC-77F5-3A6F0B23D5DB}.Debug|Any CPU.ActiveCfg = Debug|Any CPU
		{016447CD-4A4E-A7EC-77F5-3A6F0B23D5DB}.Debug|Any CPU.Build.0 = Debug|Any CPU
		{016447CD-4A4E-A7EC-77F5-3A6F0B23D5DB}.Release|Any CPU.ActiveCfg = Release|Any CPU
		{016447CD-4A4E-A7EC-77F5-3A6F0B23D5DB}.Release|Any CPU.Build.0 = Release|Any CPU
		{BF3B058B-0C23-3583-3C05-5527598D94AD}.Debug|Any CPU.ActiveCfg = Debug|Any CPU
		{BF3B058B-0C23-3583-3C05-5527598D94AD}.Debug|Any CPU.Build.0 = Debug|Any CPU
		{BF3B058B-0C23-3583-3C05-5527598D94AD}.Release|Any CPU.ActiveCfg = Release|Any CPU
		{BF3B058B-0C23-3583-3C05-5527598D94AD}.Release|Any CPU.Build.0 = Release|Any CPU
		{0287053E-E6F9-EF81-CA6A-6B8F7B0F98DC}.Debug|Any CPU.ActiveCfg = Debug|Any CPU
		{0287053E-E6F9-EF81-CA6A-6B8F7B0F98DC}.Debug|Any CPU.Build.0 = Debug|Any CPU
		{0287053E-E6F9-EF81-CA6A-6B8F7B0F98DC}.Release|Any CPU.ActiveCfg = Release|Any CPU
		{0287053E-E6F9-EF81-CA6A-6B8F7B0F98DC}.Release|Any CPU.Build.0 = Release|Any CPU
	EndGlobalSection
	GlobalSection(SolutionProperties) = preSolution
		HideSolutionNode = FALSE
	EndGlobalSection
EndGlobal
